{
    "_meta": {
        "hash": {
            "sha256": "3f5c2a7b67840127012aae8b82f8fd910d4fa249e1c70ae68cdd739ca6a0a03f"
        },
        "pipfile-spec": 6,
        "requires": {
            "python_version": "3.10"
        },
        "sources": [
            {
                "name": "pypi",
                "url": "https://pypi.org/simple",
                "verify_ssl": true
            }
        ]
    },
    "default": {
        "evdev": {
            "hashes": [
                "sha256:ecfa01b5c84f7e8c6ced3367ac95288f43cd84efbfd7dd7d0cdbfc0d18c87a6a"
            ],
            "markers": "'linux' in sys_platform",
            "version": "==1.6.0"
        },
        "keyboard": {
            "hashes": [
                "sha256:63ed83305955939ca5c9a73755e5cc43e8242263f5ad5fd3bb7e0b032f3d308b",
                "sha256:8e9c2422f1217e0bd84489b9ecd361027cc78415828f4fe4f88dd4acd587947b"
            ],
            "index": "pypi",
            "version": "==0.13.5"
        },
        "pynput": {
            "hashes": [
                "sha256:19861b2a0c430d646489852f89500e0c9332e295f2c020e7c2775e7046aa2e2f",
                "sha256:264429fbe676e98e9050ad26a7017453bdd08768adb25cafb918347cf9f1eb4a",
                "sha256:3a5726546da54116b687785d38b1db56997ce1d28e53e8d22fc656d8b92e533c"
            ],
            "index": "pypi",
            "version": "==1.7.6"
        },
        "python-xlib": {
            "hashes": [
                "sha256:20e1382f8a98d8ed0facfa45415c46fd0c8eeb6f9996e58c22d3382a4ed6e37b",
                "sha256:522dc1ec9fef20a7968532766cdb84155e5ef428751754a9443837094092be46"
            ],
            "markers": "'linux' in sys_platform",
            "version": "==0.32"
        },
        "six": {
            "hashes": [
                "sha256:1e61c37477a1626458e36f7b1d82aa5c9b094fa4802892072e49de9c60c4c926",
                "sha256:8abb2f1d86890a2dfb989f9a77cfcfd3e47c2a354b01111771326f8aa26e0254"
            ],
            "markers": "python_version >= '2.7' and python_version not in '3.0, 3.1, 3.2, 3.3'",
            "version": "==1.16.0"
        }
    },
    "develop": {}
}
